
Microsoft Visual Studio Solution File, Format Version 12.00
# Visual Studio Version 17
VisualStudioVersion = 17.9.34701.34
MinimumVisualStudioVersion = 10.0.40219.1
Project("{FAE04EC0-301F-11D3-BF4B-00C04F79EFBC}") = "image splitter", "image splitter.csproj", "{0A9325D5-9746-45E1-8803-E4FA7A72831A}"
EndProject
Global
	GlobalSection(SolutionConfigurationPlatforms) = preSolution
		Debug|Any CPU = Debug|Any CPU
		Release|Any CPU = Release|Any CPU
	EndGlobalSection
	GlobalSection(ProjectConfigurationPlatforms) = postSolution
		{0A9325D5-9746-45E1-8803-E4FA7A72831A}.Debug|Any CPU.ActiveCfg = Debug|Any CPU
		{0A9325D5-9746-45E1-8803-E4FA7A72831A}.Debug|Any CPU.Build.0 = Debug|Any CPU
		{0A9325D5-9746-45E1-8803-E4FA7A72831A}.Release|Any CPU.ActiveCfg = Release|Any CPU
		{0A9325D5-9746-45E1-8803-E4FA7A72831A}.Release|Any CPU.Build.0 = Release|Any CPU
	EndGlobalSection
	GlobalSection(SolutionProperties) = preSolution
		HideSolutionNode = FALSE
	EndGlobalSection
	GlobalSection(ExtensibilityGlobals) = postSolution
		SolutionGuid = {3FB4DA4B-4B40-4AC5-B158-0A408A7250B3}
	EndGlobalSection
EndGlobal
